
Microsoft Visual Studio Solution File, Format Version 11.00
# Visual Studio 2010
Project("{FAE04EC0-301F-11D3-BF4B-00C04F79EFBC}") = "j4jayant.HL7.Parser", "j4jayant.HL7.Parser\j4jayant.HL7.Parser.csproj", "{687F3113-0395-4DBC-A332-C1A329516651}"
EndProject
Project("{FAE04EC0-301F-11D3-BF4B-00C04F79EFBC}") = "testHL7Parser", "testHL7Parser\testHL7Parser.csproj", "{2C1E25EA-95A2-4A9D-845F-9E174CD2E7D0}"
EndProject
Global
	GlobalSection(SolutionConfigurationPlatforms) = preSolution
		Debug|Any CPU = Debug|Any CPU
		Debug|Mixed Platforms = Debug|Mixed Platforms
		Debug|x86 = Debug|x86
		Release|Any CPU = Release|Any CPU
		Release|Mixed Platforms = Release|Mixed Platforms
		Release|x86 = Release|x86
	EndGlobalSection
	GlobalSection(ProjectConfigurationPlatforms) = postSolution
		{687F3113-0395-4DBC-A332-C1A329516651}.Debug|Any CPU.ActiveCfg = Debug|Any CPU
		{687F3113-0395-4DBC-A332-C1A329516651}.Debug|Any CPU.Build.0 = Debug|Any CPU
		{687F3113-0395-4DBC-A332-C1A329516651}.Debug|Mixed Platforms.ActiveCfg = Debug|Any CPU
		{687F3113-0395-4DBC-A332-C1A329516651}.Debug|Mixed Platforms.Build.0 = Debug|Any CPU
		{687F3113-0395-4DBC-A332-C1A329516651}.Debug|x86.ActiveCfg = Debug|Any CPU
		{687F3113-0395-4DBC-A332-C1A329516651}.Release|Any CPU.ActiveCfg = Release|Any CPU
		{687F3113-0395-4DBC-A332-C1A329516651}.Release|Any CPU.Build.0 = Release|Any CPU
		{687F3113-0395-4DBC-A332-C1A329516651}.Release|Mixed Platforms.ActiveCfg = Release|Any CPU
		{687F3113-0395-4DBC-A332-C1A329516651}.Release|Mixed Platforms.Build.0 = Release|Any CPU
		{687F3113-0395-4DBC-A332-C1A329516651}.Release|x86.ActiveCfg = Release|Any CPU
		{2C1E25EA-95A2-4A9D-845F-9E174CD2E7D0}.Debug|Any CPU.ActiveCfg = Debug|x86
		{2C1E25EA-95A2-4A9D-845F-9E174CD2E7D0}.Debug|Mixed Platforms.ActiveCfg = Debug|x86
		{2C1E25EA-95A2-4A9D-845F-9E174CD2E7D0}.Debug|Mixed Platforms.Build.0 = Debug|x86
		{2C1E25EA-95A2-4A9D-845F-9E174CD2E7D0}.Debug|x86.ActiveCfg = Debug|x86
		{2C1E25EA-95A2-4A9D-845F-9E174CD2E7D0}.Debug|x86.Build.0 = Debug|x86
		{2C1E25EA-95A2-4A9D-845F-9E174CD2E7D0}.Release|Any CPU.ActiveCfg = Release|x86
		{2C1E25EA-95A2-4A9D-845F-9E174CD2E7D0}.Release|Mixed Platforms.ActiveCfg = Release|x86
		{2C1E25EA-95A2-4A9D-845F-9E174CD2E7D0}.Release|Mixed Platforms.Build.0 = Release|x86
		{2C1E25EA-95A2-4A9D-845F-9E174CD2E7D0}.Release|x86.ActiveCfg = Release|x86
		{2C1E25EA-95A2-4A9D-845F-9E174CD2E7D0}.Release|x86.Build.0 = Release|x86
	EndGlobalSection
	GlobalSection(SolutionProperties) = preSolution
		HideSolutionNode = FALSE
	EndGlobalSection
EndGlobal
